
Microsoft Visual Studio Solution File, Format Version 12.00
# Visual Studio Version 17
VisualStudioVersion = 17.7.34031.279
MinimumVisualStudioVersion = 10.0.40219.1
Project("{FAE04EC0-301F-11D3-BF4B-00C04F79EFBC}") = "Pomodoro Web Application", "Pomodoro Web Application\Pomodoro Web Application.csproj", "{E46AABB0-11FB-41BE-AB35-8A29A1F49BF9}"
EndProject
Global
	GlobalSection(SolutionConfigurationPlatforms) = preSolution
		Debug|Any CPU = Debug|Any CPU
		Release|Any CPU = Release|Any CPU
	EndGlobalSection
	GlobalSection(ProjectConfigurationPlatforms) = postSolution
		{E46AABB0-11FB-41BE-AB35-8A29A1F49BF9}.Debug|Any CPU.ActiveCfg = Debug|Any CPU
		{E46AABB0-11FB-41BE-AB35-8A29A1F49BF9}.Debug|Any CPU.Build.0 = Debug|Any CPU
		{E46AABB0-11FB-41BE-AB35-8A29A1F49BF9}.Release|Any CPU.ActiveCfg = Release|Any CPU
		{E46AABB0-11FB-41BE-AB35-8A29A1F49BF9}.Release|Any CPU.Build.0 = Release|Any CPU
	EndGlobalSection
	GlobalSection(SolutionProperties) = preSolution
		HideSolutionNode = FALSE
	EndGlobalSection
	GlobalSection(ExtensibilityGlobals) = postSolution
		SolutionGuid = {DBCDBF0F-7933-49DD-8A1E-EBEDB9446FBB}
	EndGlobalSection
EndGlobal
